
Microsoft Visual Studio Solution File, Format Version 12.00
# Visual Studio 2013
VisualStudioVersion = 12.0.30723.0
MinimumVisualStudioVersion = 10.0.40219.1
Project("{8BC9CEB8-8B4A-11D0-8D11-00A0C91BC942}") = "projv2", "projv2\projv2.vcxproj", "{63152912-7AD2-4C92-B7AE-A622887F4E21}"
EndProject
Project("{8BC9CEB8-8B4A-11D0-8D11-00A0C91BC942}") = "demo", "demo\demo.vcxproj", "{05CD9BE7-D770-4026-B155-7CE1B25B8E95}"
EndProject
Project("{8BC9CEB8-8B4A-11D0-8D11-00A0C91BC942}") = "fbr", "fbr\fbr.vcxproj", "{C3F93E63-B4C9-41AC-BA65-46AF181A390D}"
EndProject
Global
	GlobalSection(SolutionConfigurationPlatforms) = preSolution
		Debug|Win32 = Debug|Win32
		Release|Win32 = Release|Win32
	EndGlobalSection
	GlobalSection(ProjectConfigurationPlatforms) = postSolution
		{63152912-7AD2-4C92-B7AE-A622887F4E21}.Debug|Win32.ActiveCfg = Debug|Win32
		{63152912-7AD2-4C92-B7AE-A622887F4E21}.Debug|Win32.Build.0 = Debug|Win32
		{63152912-7AD2-4C92-B7AE-A622887F4E21}.Release|Win32.ActiveCfg = Release|Win32
		{63152912-7AD2-4C92-B7AE-A622887F4E21}.Release|Win32.Build.0 = Release|Win32
		{05CD9BE7-D770-4026-B155-7CE1B25B8E95}.Debug|Win32.ActiveCfg = Debug|Win32
		{05CD9BE7-D770-4026-B155-7CE1B25B8E95}.Debug|Win32.Build.0 = Debug|Win32
		{05CD9BE7-D770-4026-B155-7CE1B25B8E95}.Release|Win32.ActiveCfg = Release|Win32
		{05CD9BE7-D770-4026-B155-7CE1B25B8E95}.Release|Win32.Build.0 = Release|Win32
		{C3F93E63-B4C9-41AC-BA65-46AF181A390D}.Debug|Win32.ActiveCfg = Debug|Win32
		{C3F93E63-B4C9-41AC-BA65-46AF181A390D}.Debug|Win32.Build.0 = Debug|Win32
		{C3F93E63-B4C9-41AC-BA65-46AF181A390D}.Release|Win32.ActiveCfg = Release|Win32
		{C3F93E63-B4C9-41AC-BA65-46AF181A390D}.Release|Win32.Build.0 = Release|Win32
	EndGlobalSection
	GlobalSection(SolutionProperties) = preSolution
		HideSolutionNode = FALSE
	EndGlobalSection
EndGlobal
